
Microsoft Visual Studio Solution File, Format Version 12.00
# Visual Studio 15
VisualStudioVersion = 15.0.28307.1062
MinimumVisualStudioVersion = 10.0.40219.1
Project("{FAE04EC0-301F-11D3-BF4B-00C04F79EFBC}") = "农邦分表器", "农邦分表器\农邦分表器.csproj", "{1AB01889-F3D3-4FD1-B636-351F8C6687D5}"
EndProject
Global
	GlobalSection(SolutionConfigurationPlatforms) = preSolution
		Debug|Any CPU = Debug|Any CPU
		Release|Any CPU = Release|Any CPU
	EndGlobalSection
	GlobalSection(ProjectConfigurationPlatforms) = postSolution
		{1AB01889-F3D3-4FD1-B636-351F8C6687D5}.Debug|Any CPU.ActiveCfg = Debug|Any CPU
		{1AB01889-F3D3-4FD1-B636-351F8C6687D5}.Debug|Any CPU.Build.0 = Debug|Any CPU
		{1AB01889-F3D3-4FD1-B636-351F8C6687D5}.Release|Any CPU.ActiveCfg = Release|Any CPU
		{1AB01889-F3D3-4FD1-B636-351F8C6687D5}.Release|Any CPU.Build.0 = Release|Any CPU
	EndGlobalSection
	GlobalSection(SolutionProperties) = preSolution
		HideSolutionNode = FALSE
	EndGlobalSection
	GlobalSection(ExtensibilityGlobals) = postSolution
		SolutionGuid = {C82D9E50-0B2D-4202-8ADC-D2CA33BAB481}
	EndGlobalSection
EndGlobal
